
Microsoft Visual Studio Solution File, Format Version 12.00
# Visual Studio Version 17
VisualStudioVersion = 17.12.35707.178
MinimumVisualStudioVersion = 10.0.40219.1
Project("{FAE04EC0-301F-11D3-BF4B-00C04F79EFBC}") = "MusicAppComplete", "MusicAppComplete\MusicAppComplete.csproj", "{780DECA3-496B-4916-83A8-1FFA660DF79E}"
EndProject
Project("{FAE04EC0-301F-11D3-BF4B-00C04F79EFBC}") = "PRN212.Assignment.DAL", "PRN212.Assignment.DAL\PRN212.Assignment.DAL.csproj", "{C0B39777-C5DE-4D14-9209-EDC82391951C}"
EndProject
Project("{FAE04EC0-301F-11D3-BF4B-00C04F79EFBC}") = "PRN212.Assignment.BLL", "PRN212.Assignment.BLL\PRN212.Assignment.BLL.csproj", "{05A77B38-CFB0-4D0E-8952-5B5D86022AB3}"
EndProject
Global
	GlobalSection(SolutionConfigurationPlatforms) = preSolution
		Debug|Any CPU = Debug|Any CPU
		Release|Any CPU = Release|Any CPU
	EndGlobalSection
	GlobalSection(ProjectConfigurationPlatforms) = postSolution
		{780DECA3-496B-4916-83A8-1FFA660DF79E}.Debug|Any CPU.ActiveCfg = Debug|Any CPU
		{780DECA3-496B-4916-83A8-1FFA660DF79E}.Debug|Any CPU.Build.0 = Debug|Any CPU
		{780DECA3-496B-4916-83A8-1FFA660DF79E}.Release|Any CPU.ActiveCfg = Release|Any CPU
		{780DECA3-496B-4916-83A8-1FFA660DF79E}.Release|Any CPU.Build.0 = Release|Any CPU
		{C0B39777-C5DE-4D14-9209-EDC82391951C}.Debug|Any CPU.ActiveCfg = Debug|Any CPU
		{C0B39777-C5DE-4D14-9209-EDC82391951C}.Debug|Any CPU.Build.0 = Debug|Any CPU
		{C0B39777-C5DE-4D14-9209-EDC82391951C}.Release|Any CPU.ActiveCfg = Release|Any CPU
		{C0B39777-C5DE-4D14-9209-EDC82391951C}.Release|Any CPU.Build.0 = Release|Any CPU
		{05A77B38-CFB0-4D0E-8952-5B5D86022AB3}.Debug|Any CPU.ActiveCfg = Debug|Any CPU
		{05A77B38-CFB0-4D0E-8952-5B5D86022AB3}.Debug|Any CPU.Build.0 = Debug|Any CPU
		{05A77B38-CFB0-4D0E-8952-5B5D86022AB3}.Release|Any CPU.ActiveCfg = Release|Any CPU
		{05A77B38-CFB0-4D0E-8952-5B5D86022AB3}.Release|Any CPU.Build.0 = Release|Any CPU
	EndGlobalSection
	GlobalSection(SolutionProperties) = preSolution
		HideSolutionNode = FALSE
	EndGlobalSection
EndGlobal
